// !$*UTF8*$!
{
	archiveVersion = 1;
	classes = {
	};
	objectVersion = 50;
	objects = {

/* Begin PBXBuildFile section */
		FA7B1608240129F20037F677 /* AppDelegate.swift in Sources */ = {isa = PBXBuildFile; fileRef = FA7B1607240129F20037F677 /* AppDelegate.swift */; };
		FA7B160A240129F20037F677 /* SceneDelegate.swift in Sources */ = {isa = PBXBuildFile; fileRef = FA7B1609240129F20037F677 /* SceneDelegate.swift */; };
		FA7B160C240129F20037F677 /* ViewController.swift in Sources */ = {isa = PBXBuildFile; fileRef = FA7B160B240129F20037F677 /* ViewController.swift */; };
		FA7B160F240129F20037F677 /* Main.storyboard in Resources */ = {isa = PBXBuildFile; fileRef = FA7B160D240129F20037F677 /* Main.storyboard */; };
		FA7B1611240129F40037F677 /* Assets.xcassets in Resources */ = {isa = PBXBuildFile; fileRef = FA7B1610240129F40037F677 /* Assets.xcassets */; };
		FA7B1614240129F40037F677 /* LaunchScreen.storyboard in Resources */ = {isa = PBXBuildFile; fileRef = FA7B1612240129F40037F677 /* LaunchScreen.storyboard */; };
		FA7B1620240131430037F677 /* temple.jpg in Resources */ = {isa = PBXBuildFile; fileRef = FA7B161B240131420037F677 /* temple.jpg */; };
		FA7B1621240131430037F677 /* pmq.jpg in Resources */ = {isa = PBXBuildFile; fileRef = FA7B161C240131430037F677 /* pmq.jpg */; };
		FA7B1622240131430037F677 /* food.jpg in Resources */ = {isa = PBXBuildFile; fileRef = FA7B161D240131430037F677 /* food.jpg */; };
		FA7B1623240131430037F677 /* coffee.jpg in Resources */ = {isa = PBXBuildFile; fileRef = FA7B161E240131430037F677 /* coffee.jpg */; };
		FA7B1624240131430037F677 /* cloud.jpg in Resources */ = {isa = PBXBuildFile; fileRef = FA7B161F240131430037F677 /* cloud.jpg */; };
		FA7B1626240136190037F677 /* login.jpg in Resources */ = {isa = PBXBuildFile; fileRef = FA7B1625240136190037F677 /* login.jpg */; };
/* End PBXBuildFile section */

/* Begin PBXFileReference section */
		FA7B1604240129F20037F677 /* BlurApp.app */ = {isa = PBXFileReference; explicitFileType = wrapper.application; includeInIndex = 0; path = BlurApp.app; sourceTree = BUILT_PRODUCTS_DIR; };
		FA7B1607240129F20037F677 /* AppDelegate.swift */ = {isa = PBXFileReference; lastKnownFileType = sourcecode.swift; path = AppDelegate.swift; sourceTree = "<group>"; };
		FA7B1609240129F20037F677 /* SceneDelegate.swift */ = {isa = PBXFileReference; lastKnownFileType = sourcecode.swift; path = SceneDelegate.swift; sourceTree = "<group>"; };
		FA7B160B240129F20037F677 /* ViewController.swift */ = {isa = PBXFileReference; lastKnownFileType = sourcecode.swift; path = ViewController.swift; sourceTree = "<group>"; };
		FA7B160E240129F20037F677 /* Base */ = {isa = PBXFileReference; lastKnownFileType = file.storyboard; name = Base; path = Base.lproj/Main.storyboard; sourceTree = "<group>"; };
		FA7B1610240129F40037F677 /* Assets.xcassets */ = {isa = PBXFileReference; lastKnownFileType = folder.assetcatalog; path = Assets.xcassets; sourceTree = "<group>"; };
		FA7B1613240129F40037F677 /* Base */ = {isa = PBXFileReference; lastKnownFileType = file.storyboard; name = Base; path = Base.lproj/LaunchScreen.storyboard; sourceTree = "<group>"; };
		FA7B1615240129F40037F677 /* Info.plist */ = {isa = PBXFileReference; lastKnownFileType = text.plist.xml; path = Info.plist; sourceTree = "<group>"; };
		FA7B161B240131420037F677 /* temple.jpg */ = {isa = PBXFileReference; lastKnownFileType = image.jpeg; path = temple.jpg; sourceTree = "<group>"; };
		FA7B161C240131430037F677 /* pmq.jpg */ = {isa = PBXFileReference; lastKnownFileType = image.jpeg; path = pmq.jpg; sourceTree = "<group>"; };
		FA7B161D240131430037F677 /* food.jpg */ = {isa = PBXFileReference; lastKnownFileType = image.jpeg; path = food.jpg; sourceTree = "<group>"; };
		FA7B161E240131430037F677 /* coffee.jpg */ = {isa = PBXFileReference; lastKnownFileType = image.jpeg; path = coffee.jpg; sourceTree = "<group>"; };
		FA7B161F240131430037F677 /* cloud.jpg */ = {isa = PBXFileReference; lastKnownFileType = image.jpeg; path = cloud.jpg; sourceTree = "<group>"; };
		FA7B1625240136190037F677 /* login.jpg */ = {isa = PBXFileReference; lastKnownFileType = image.jpeg; path = login.jpg; sourceTree = "<group>"; };
/* End PBXFileReference section */

/* Begin PBXFrameworksBuildPhase section */
		FA7B1601240129F20037F677 /* Frameworks */ = {
			isa = PBXFrameworksBuildPhase;
			buildActionMask = 2147483647;
			files = (
			);
			runOnlyForDeploymentPostprocessing = 0;
		};
/* End PBXFrameworksBuildPhase section */

/* Begin PBXGroup section */
		FA7B15FB240129F20037F677 = {
			isa = PBXGroup;
			children = (
				FA7B1606240129F20037F677 /* BlurApp */,
				FA7B1605240129F20037F677 /* Products */,
			);
			sourceTree = "<group>";
		};
		FA7B1605240129F20037F677 /* Products */ = {
			isa = PBXGroup;
			children = (
				FA7B1604240129F20037F677 /* BlurApp.app */,
			);
			name = Products;
			sourceTree = "<group>";
		};
		FA7B1606240129F20037F677 /* BlurApp */ = {
			isa = PBXGroup;
			children = (
				FA7B1625240136190037F677 /* login.jpg */,
				FA7B161F240131430037F677 /* cloud.jpg */,
				FA7B161E240131430037F677 /* coffee.jpg */,
				FA7B161D240131430037F677 /* food.jpg */,
				FA7B161C240131430037F677 /* pmq.jpg */,
				FA7B161B240131420037F677 /* temple.jpg */,
				FA7B1607240129F20037F677 /* AppDelegate.swift */,
				FA7B1609240129F20037F677 /* SceneDelegate.swift */,
				FA7B160B240129F20037F677 /* ViewController.swift */,
				FA7B160D240129F20037F677 /* Main.storyboard */,
				FA7B1610240129F40037F677 /* Assets.xcassets */,
				FA7B1612240129F40037F677 /* LaunchScreen.storyboard */,
				FA7B1615240129F40037F677 /* Info.plist */,
			);
			path = BlurApp;
			sourceTree = "<group>";
		};
/* End PBXGroup section */

/* Begin PBXNativeTarget section */
		FA7B1603240129F20037F677 /* BlurApp */ = {
			isa = PBXNativeTarget;
			buildConfigurationList = FA7B1618240129F40037F677 /* Build configuration list for PBXNativeTarget "BlurApp" */;
			buildPhases = (
				FA7B1600240129F20037F677 /* Sources */,
				FA7B1601240129F20037F677 /* Frameworks */,
				FA7B1602240129F20037F677 /* Resources */,
			);
			buildRules = (
			);
			dependencies = (
			);
			name = BlurApp;
			productName = BlurApp;
			productReference = FA7B1604240129F20037F677 /* BlurApp.app */;
			productType = "com.apple.product-type.application";
		};
/* End PBXNativeTarget section */

/* Begin PBXProject section */
		FA7B15FC240129F20037F677 /* Project object */ = {
			isa = PBXProject;
			attributes = {
				LastSwiftUpdateCheck = 1130;
				LastUpgradeCheck = 1130;
				ORGANIZATIONNAME = "Kozhakin Kirill";
				TargetAttributes = {
					FA7B1603240129F20037F677 = {
						CreatedOnToolsVersion = 11.3.1;
					};
				};
			};
			buildConfigurationList = FA7B15FF240129F20037F677 /* Build configuration list for PBXProject "BlurApp" */;
			compatibilityVersion = "Xcode 9.3";
			developmentRegion = en;
			hasScannedForEncodings = 0;
			knownRegions = (
				en,
				Base,
			);
			mainGroup = FA7B15FB240129F20037F677;
			productRefGroup = FA7B1605240129F20037F677 /* Products */;
			projectDirPath = "";
			projectRoot = "";
			targets = (
				FA7B1603240129F20037F677 /* BlurApp */,
			);
		};
/* End PBXProject section */

/* Begin PBXResourcesBuildPhase section */
		FA7B1602240129F20037F677 /* Resources */ = {
			isa = PBXResourcesBuildPhase;
			buildActionMask = 2147483647;
			files = (
				FA7B1623240131430037F677 /* coffee.jpg in Resources */,
				FA7B1620240131430037F677 /* temple.jpg in Resources */,
				FA7B1622240131430037F677 /* food.jpg in Resources */,
				FA7B1614240129F40037F677 /* LaunchScreen.storyboard in Resources */,
				FA7B1626240136190037F677 /* login.jpg in Resources */,
				FA7B1621240131430037F677 /* pmq.jpg in Resources */,
				FA7B1611240129F40037F677 /* Assets.xcassets in Resources */,
				FA7B160F240129F20037F677 /* Main.storyboard in Resources */,
				FA7B1624240131430037F677 /* cloud.jpg in Resources */,
			);
			runOnlyForDeploymentPostprocessing = 0;
		};
/* End PBXResourcesBuildPhase section */

/* Begin PBXSourcesBuildPhase section */
		FA7B1600240129F20037F677 /* Sources */ = {
			isa = PBXSourcesBuildPhase;
			buildActionMask = 2147483647;
			files = (
				FA7B160C240129F20037F677 /* ViewController.swift in Sources */,
				FA7B1608240129F20037F677 /* AppDelegate.swift in Sources */,
				FA7B160A240129F20037F677 /* SceneDelegate.swift in Sources */,
			);
			runOnlyForDeploymentPostprocessing = 0;
		};
/* End PBXSourcesBuildPhase section */

/* Begin PBXVariantGroup section */
		FA7B160D240129F20037F677 /* Main.storyboard */ = {
			isa = PBXVariantGroup;
			children = (
				FA7B160E240129F20037F677 /* Base */,
			);
			name = Main.storyboard;
			sourceTree = "<group>";
		};
		FA7B1612240129F40037F677 /* LaunchScreen.storyboard */ = {
			isa = PBXVariantGroup;
			children = (
				FA7B1613240129F40037F677 /* Base */,
			);
			name = LaunchScreen.storyboard;
			sourceTree = "<group>";
		};
/* End PBXVariantGroup section */

/* Begin XCBuildConfiguration section */
		FA7B1616240129F40037F677 /* Debug */ = {
			isa = XCBuildConfiguration;
			buildSettings = {
				ALWAYS_SEARCH_USER_PATHS = NO;
				CLANG_ANALYZER_NONNULL = YES;
				CLANG_ANALYZER_NUMBER_OBJECT_CONVERSION = YES_AGGRESSIVE;
				CLANG_CXX_LANGUAGE_STANDARD = "gnu++14";
				CLANG_CXX_LIBRARY = "libc++";
				CLANG_ENABLE_MODULES = YES;
				CLANG_ENABLE_OBJC_ARC = YES;
				CLANG_ENABLE_OBJC_WEAK = YES;
				CLANG_WARN_BLOCK_CAPTURE_AUTORELEASING = YES;
				CLANG_WARN_BOOL_CONVERSION = YES;
				CLANG_WARN_COMMA = YES;
				CLANG_WARN_CONSTANT_CONVERSION = YES;
				CLANG_WARN_DEPRECATED_OBJC_IMPLEMENTATIONS = YES;
				CLANG_WARN_DIRECT_OBJC_ISA_USAGE = YES_ERROR;
				CLANG_WARN_DOCUMENTATION_COMMENTS = YES;
				CLANG_WARN_EMPTY_BODY = YES;
				CLANG_WARN_ENUM_CONVERSION = YES;
				CLANG_WARN_INFINITE_RECURSION = YES;
				CLANG_WARN_INT_CONVERSION = YES;
				CLANG_WARN_NON_LITERAL_NULL_CONVERSION = YES;
				CLANG_WARN_OBJC_IMPLICIT_RETAIN_SELF = YES;
				CLANG_WARN_OBJC_LITERAL_CONVERSION = YES;
				CLANG_WARN_OBJC_ROOT_CLASS = YES_ERROR;
				CLANG_WARN_RANGE_LOOP_ANALYSIS = YES;
				CLANG_WARN_STRICT_PROTOTYPES = YES;
				CLANG_WARN_SUSPICIOUS_MOVE = YES;
				CLANG_WARN_UNGUARDED_AVAILABILITY = YES_AGGRESSIVE;
				CLANG_WARN_UNREACHABLE_CODE = YES;
				CLANG_WARN__DUPLICATE_METHOD_MATCH = YES;
				COPY_PHASE_STRIP = NO;
				DEBUG_INFORMATION_FORMAT = dwarf;
				ENABLE_STRICT_OBJC_MSGSEND = YES;
				ENABLE_TESTABILITY = YES;
				GCC_C_LANGUAGE_STANDARD = gnu11;
				GCC_DYNAMIC_NO_PIC = NO;
				GCC_NO_COMMON_BLOCKS = YES;
				GCC_OPTIMIZATION_LEVEL = 0;
				GCC_PREPROCESSOR_DEFINITIONS = (
					"DEBUG=1",
					"$(inherited)",
				);
				GCC_WARN_64_TO_32_BIT_CONVERSION = YES;
				GCC_WARN_ABOUT_RETURN_TYPE = YES_ERROR;
				GCC_WARN_UNDECLARED_SELECTOR = YES;
				GCC_WARN_UNINITIALIZED_AUTOS = YES_AGGRESSIVE;
				GCC_WARN_UNUSED_FUNCTION = YES;
				GCC_WARN_UNUSED_VARIABLE = YES;
				IPHONEOS_DEPLOYMENT_TARGET = 13.2;
				MTL_ENABLE_DEBUG_INFO = INCLUDE_SOURCE;
				MTL_FAST_MATH = YES;
				ONLY_ACTIVE_ARCH = YES;
				SDKROOT = iphoneos;
				SWIFT_ACTIVE_COMPILATION_CONDITIONS = DEBUG;
				SWIFT_OPTIMIZATION_LEVEL = "-Onone";
			};
			name = Debug;
		};
		FA7B1617240129F40037F677 /* Release */ = {
			isa = XCBuildConfiguration;
			buildSettings = {
				ALWAYS_SEARCH_USER_PATHS = NO;
				CLANG_ANALYZER_NONNULL = YES;
				CLANG_ANALYZER_NUMBER_OBJECT_CONVERSION = YES_AGGRESSIVE;
				CLANG_CXX_LANGUAGE_STANDARD = "gnu++14";
				CLANG_CXX_LIBRARY = "libc++";
				CLANG_ENABLE_MODULES = YES;
				CLANG_ENABLE_OBJC_ARC = YES;
				CLANG_ENABLE_OBJC_WEAK = YES;
				CLANG_WARN_BLOCK_CAPTURE_AUTORELEASING = YES;
				CLANG_WARN_BOOL_CONVERSION = YES;
				CLANG_WARN_COMMA = YES;
				CLANG_WARN_CONSTANT_CONVERSION = YES;
				CLANG_WARN_DEPRECATED_OBJC_IMPLEMENTATIONS = YES;
				CLANG_WARN_DIRECT_OBJC_ISA_USAGE = YES_ERROR;
				CLANG_WARN_DOCUMENTATION_COMMENTS = YES;
				CLANG_WARN_EMPTY_BODY = YES;
				CLANG_WARN_ENUM_CONVERSION = YES;
				CLANG_WARN_INFINITE_RECURSION = YES;
				CLANG_WARN_INT_CONVERSION = YES;
				CLANG_WARN_NON_LITERAL_NULL_CONVERSION = YES;
				CLANG_WARN_OBJC_IMPLICIT_RETAIN_SELF = YES;
				CLANG_WARN_OBJC_LITERAL_CONVERSION = YES;
				CLANG_WARN_OBJC_ROOT_CLASS = YES_ERROR;
				CLANG_WARN_RANGE_LOOP_ANALYSIS = YES;
				CLANG_WARN_STRICT_PROTOTYPES = YES;
				CLANG_WARN_SUSPICIOUS_MOVE = YES;
				CLANG_WARN_UNGUARDED_AVAILABILITY = YES_AGGRESSIVE;
				CLANG_WARN_UNREACHABLE_CODE = YES;
				CLANG_WARN__DUPLICATE_METHOD_MATCH = YES;
				COPY_PHASE_STRIP = NO;
				DEBUG_INFORMATION_FORMAT = "dwarf-with-dsym";
				ENABLE_NS_ASSERTIONS = NO;
				ENABLE_STRICT_OBJC_MSGSEND = YES;
				GCC_C_LANGUAGE_STANDARD = gnu11;
				GCC_NO_COMMON_BLOCKS = YES;
				GCC_WARN_64_TO_32_BIT_CONVERSION = YES;
				GCC_WARN_ABOUT_RETURN_TYPE = YES_ERROR;
				GCC_WARN_UNDECLARED_SELECTOR = YES;
				GCC_WARN_UNINITIALIZED_AUTOS = YES_AGGRESSIVE;
				GCC_WARN_UNUSED_FUNCTION = YES;
				GCC_WARN_UNUSED_VARIABLE = YES;
				IPHONEOS_DEPLOYMENT_TARGET = 13.2;
				MTL_ENABLE_DEBUG_INFO = NO;
				MTL_FAST_MATH = YES;
				SDKROOT = iphoneos;
				SWIFT_COMPILATION_MODE = wholemodule;
				SWIFT_OPTIMIZATION_LEVEL = "-O";
				VALIDATE_PRODUCT = YES;
			};
			name = Release;
		};
		FA7B1619240129F40037F677 /* Debug */ = {
			isa = XCBuildConfiguration;
			buildSettings = {
				ASSETCATALOG_COMPILER_APPICON_NAME = AppIcon;
				CODE_SIGN_STYLE = Automatic;
				DEVELOPMENT_TEAM = 77N9M23ZZ4;
				INFOPLIST_FILE = BlurApp/Info.plist;
				LD_RUNPATH_SEARCH_PATHS = (
					"$(inherited)",
					"@executable_path/Frameworks",
				);
				PRODUCT_BUNDLE_IDENTIFIER = com.KOZHAKIN.BlurApp;
				PRODUCT_NAME = "$(TARGET_NAME)";
				SWIFT_VERSION = 5.0;
				TARGETED_DEVICE_FAMILY = "1,2";
			};
			name = Debug;
		};
		FA7B161A240129F40037F677 /* Release */ = {
			isa = XCBuildConfiguration;
			buildSettings = {
				ASSETCATALOG_COMPILER_APPICON_NAME = AppIcon;
				CODE_SIGN_STYLE = Automatic;
				DEVELOPMENT_TEAM = 77N9M23ZZ4;
				INFOPLIST_FILE = BlurApp/Info.plist;
				LD_RUNPATH_SEARCH_PATHS = (
					"$(inherited)",
					"@executable_path/Frameworks",
				);
				PRODUCT_BUNDLE_IDENTIFIER = com.KOZHAKIN.BlurApp;
				PRODUCT_NAME = "$(TARGET_NAME)";
				SWIFT_VERSION = 5.0;
				TARGETED_DEVICE_FAMILY = "1,2";
			};
			name = Release;
		};
/* End XCBuildConfiguration section */

/* Begin XCConfigurationList section */
		FA7B15FF240129F20037F677 /* Build configuration list for PBXProject "BlurApp" */ = {
			isa = XCConfigurationList;
			buildConfigurations = (
				FA7B1616240129F40037F677 /* Debug */,
				FA7B1617240129F40037F677 /* Release */,
			);
			defaultConfigurationIsVisible = 0;
			defaultConfigurationName = Release;
		};
		FA7B1618240129F40037F677 /* Build configuration list for PBXNativeTarget "BlurApp" */ = {
			isa = XCConfigurationList;
			buildConfigurations = (
				FA7B1619240129F40037F677 /* Debug */,
				FA7B161A240129F40037F677 /* Release */,
			);
			defaultConfigurationIsVisible = 0;
			defaultConfigurationName = Release;
		};
/* End XCConfigurationList section */
	};
	rootObject = FA7B15FC240129F20037F677 /* Project object */;
}
