// !$*UTF8*$!
{
	archiveVersion = 1;
	classes = {
	};
	objectVersion = 50;
	objects = {

/* Begin PBXBuildFile section */
		FAEB2966240D4A1F0090DAFE /* AppDelegate.swift in Sources */ = {isa = PBXBuildFile; fileRef = FAEB2965240D4A1F0090DAFE /* AppDelegate.swift */; };
		FAEB2968240D4A1F0090DAFE /* SceneDelegate.swift in Sources */ = {isa = PBXBuildFile; fileRef = FAEB2967240D4A1F0090DAFE /* SceneDelegate.swift */; };
		FAEB296A240D4A1F0090DAFE /* ViewController.swift in Sources */ = {isa = PBXBuildFile; fileRef = FAEB2969240D4A1F0090DAFE /* ViewController.swift */; };
		FAEB296D240D4A1F0090DAFE /* Main.storyboard in Resources */ = {isa = PBXBuildFile; fileRef = FAEB296B240D4A1F0090DAFE /* Main.storyboard */; };
		FAEB2970240D4A1F0090DAFE /* CommitsApp.xcdatamodeld in Sources */ = {isa = PBXBuildFile; fileRef = FAEB296E240D4A1F0090DAFE /* CommitsApp.xcdatamodeld */; };
		FAEB2972240D4A220090DAFE /* Assets.xcassets in Resources */ = {isa = PBXBuildFile; fileRef = FAEB2971240D4A220090DAFE /* Assets.xcassets */; };
		FAEB2975240D4A220090DAFE /* LaunchScreen.storyboard in Resources */ = {isa = PBXBuildFile; fileRef = FAEB2973240D4A220090DAFE /* LaunchScreen.storyboard */; };
		FAEB297D240D4A940090DAFE /* SwiftyJSON.swift in Sources */ = {isa = PBXBuildFile; fileRef = FAEB297C240D4A940090DAFE /* SwiftyJSON.swift */; };
		FAEB297F240D4D150090DAFE /* DetailViewController.swift in Sources */ = {isa = PBXBuildFile; fileRef = FAEB297E240D4D150090DAFE /* DetailViewController.swift */; };
		FAEB2982240D535B0090DAFE /* Commit+CoreDataClass.swift in Sources */ = {isa = PBXBuildFile; fileRef = FAEB2980240D535B0090DAFE /* Commit+CoreDataClass.swift */; };
		FAEB2983240D535B0090DAFE /* Commit+CoreDataProperties.swift in Sources */ = {isa = PBXBuildFile; fileRef = FAEB2981240D535B0090DAFE /* Commit+CoreDataProperties.swift */; };
/* End PBXBuildFile section */

/* Begin PBXFileReference section */
		FAEB2962240D4A1F0090DAFE /* CommitsApp.app */ = {isa = PBXFileReference; explicitFileType = wrapper.application; includeInIndex = 0; path = CommitsApp.app; sourceTree = BUILT_PRODUCTS_DIR; };
		FAEB2965240D4A1F0090DAFE /* AppDelegate.swift */ = {isa = PBXFileReference; lastKnownFileType = sourcecode.swift; path = AppDelegate.swift; sourceTree = "<group>"; };
		FAEB2967240D4A1F0090DAFE /* SceneDelegate.swift */ = {isa = PBXFileReference; lastKnownFileType = sourcecode.swift; path = SceneDelegate.swift; sourceTree = "<group>"; };
		FAEB2969240D4A1F0090DAFE /* ViewController.swift */ = {isa = PBXFileReference; lastKnownFileType = sourcecode.swift; path = ViewController.swift; sourceTree = "<group>"; };
		FAEB296C240D4A1F0090DAFE /* Base */ = {isa = PBXFileReference; lastKnownFileType = file.storyboard; name = Base; path = Base.lproj/Main.storyboard; sourceTree = "<group>"; };
		FAEB296F240D4A1F0090DAFE /* CommitsApp.xcdatamodel */ = {isa = PBXFileReference; lastKnownFileType = wrapper.xcdatamodel; path = CommitsApp.xcdatamodel; sourceTree = "<group>"; };
		FAEB2971240D4A220090DAFE /* Assets.xcassets */ = {isa = PBXFileReference; lastKnownFileType = folder.assetcatalog; path = Assets.xcassets; sourceTree = "<group>"; };
		FAEB2974240D4A220090DAFE /* Base */ = {isa = PBXFileReference; lastKnownFileType = file.storyboard; name = Base; path = Base.lproj/LaunchScreen.storyboard; sourceTree = "<group>"; };
		FAEB2976240D4A220090DAFE /* Info.plist */ = {isa = PBXFileReference; lastKnownFileType = text.plist.xml; path = Info.plist; sourceTree = "<group>"; };
		FAEB297C240D4A940090DAFE /* SwiftyJSON.swift */ = {isa = PBXFileReference; lastKnownFileType = sourcecode.swift; path = SwiftyJSON.swift; sourceTree = "<group>"; };
		FAEB297E240D4D150090DAFE /* DetailViewController.swift */ = {isa = PBXFileReference; lastKnownFileType = sourcecode.swift; path = DetailViewController.swift; sourceTree = "<group>"; };
		FAEB2980240D535B0090DAFE /* Commit+CoreDataClass.swift */ = {isa = PBXFileReference; lastKnownFileType = sourcecode.swift; path = "Commit+CoreDataClass.swift"; sourceTree = "<group>"; };
		FAEB2981240D535B0090DAFE /* Commit+CoreDataProperties.swift */ = {isa = PBXFileReference; lastKnownFileType = sourcecode.swift; path = "Commit+CoreDataProperties.swift"; sourceTree = "<group>"; };
/* End PBXFileReference section */

/* Begin PBXFrameworksBuildPhase section */
		FAEB295F240D4A1F0090DAFE /* Frameworks */ = {
			isa = PBXFrameworksBuildPhase;
			buildActionMask = 2147483647;
			files = (
			);
			runOnlyForDeploymentPostprocessing = 0;
		};
/* End PBXFrameworksBuildPhase section */

/* Begin PBXGroup section */
		FAEB2959240D4A1F0090DAFE = {
			isa = PBXGroup;
			children = (
				FAEB2964240D4A1F0090DAFE /* CommitsApp */,
				FAEB2963240D4A1F0090DAFE /* Products */,
			);
			sourceTree = "<group>";
		};
		FAEB2963240D4A1F0090DAFE /* Products */ = {
			isa = PBXGroup;
			children = (
				FAEB2962240D4A1F0090DAFE /* CommitsApp.app */,
			);
			name = Products;
			sourceTree = "<group>";
		};
		FAEB2964240D4A1F0090DAFE /* CommitsApp */ = {
			isa = PBXGroup;
			children = (
				FAEB2980240D535B0090DAFE /* Commit+CoreDataClass.swift */,
				FAEB2981240D535B0090DAFE /* Commit+CoreDataProperties.swift */,
				FAEB297C240D4A940090DAFE /* SwiftyJSON.swift */,
				FAEB2965240D4A1F0090DAFE /* AppDelegate.swift */,
				FAEB2967240D4A1F0090DAFE /* SceneDelegate.swift */,
				FAEB2969240D4A1F0090DAFE /* ViewController.swift */,
				FAEB296B240D4A1F0090DAFE /* Main.storyboard */,
				FAEB297E240D4D150090DAFE /* DetailViewController.swift */,
				FAEB2971240D4A220090DAFE /* Assets.xcassets */,
				FAEB2973240D4A220090DAFE /* LaunchScreen.storyboard */,
				FAEB2976240D4A220090DAFE /* Info.plist */,
				FAEB296E240D4A1F0090DAFE /* CommitsApp.xcdatamodeld */,
			);
			path = CommitsApp;
			sourceTree = "<group>";
		};
/* End PBXGroup section */

/* Begin PBXNativeTarget section */
		FAEB2961240D4A1F0090DAFE /* CommitsApp */ = {
			isa = PBXNativeTarget;
			buildConfigurationList = FAEB2979240D4A220090DAFE /* Build configuration list for PBXNativeTarget "CommitsApp" */;
			buildPhases = (
				FAEB295E240D4A1F0090DAFE /* Sources */,
				FAEB295F240D4A1F0090DAFE /* Frameworks */,
				FAEB2960240D4A1F0090DAFE /* Resources */,
			);
			buildRules = (
			);
			dependencies = (
			);
			name = CommitsApp;
			productName = CommitsApp;
			productReference = FAEB2962240D4A1F0090DAFE /* CommitsApp.app */;
			productType = "com.apple.product-type.application";
		};
/* End PBXNativeTarget section */

/* Begin PBXProject section */
		FAEB295A240D4A1F0090DAFE /* Project object */ = {
			isa = PBXProject;
			attributes = {
				LastSwiftUpdateCheck = 1130;
				LastUpgradeCheck = 1130;
				ORGANIZATIONNAME = "Kozhakin Kirill";
				TargetAttributes = {
					FAEB2961240D4A1F0090DAFE = {
						CreatedOnToolsVersion = 11.3.1;
					};
				};
			};
			buildConfigurationList = FAEB295D240D4A1F0090DAFE /* Build configuration list for PBXProject "CommitsApp" */;
			compatibilityVersion = "Xcode 9.3";
			developmentRegion = en;
			hasScannedForEncodings = 0;
			knownRegions = (
				en,
				Base,
			);
			mainGroup = FAEB2959240D4A1F0090DAFE;
			productRefGroup = FAEB2963240D4A1F0090DAFE /* Products */;
			projectDirPath = "";
			projectRoot = "";
			targets = (
				FAEB2961240D4A1F0090DAFE /* CommitsApp */,
			);
		};
/* End PBXProject section */

/* Begin PBXResourcesBuildPhase section */
		FAEB2960240D4A1F0090DAFE /* Resources */ = {
			isa = PBXResourcesBuildPhase;
			buildActionMask = 2147483647;
			files = (
				FAEB2975240D4A220090DAFE /* LaunchScreen.storyboard in Resources */,
				FAEB2972240D4A220090DAFE /* Assets.xcassets in Resources */,
				FAEB296D240D4A1F0090DAFE /* Main.storyboard in Resources */,
			);
			runOnlyForDeploymentPostprocessing = 0;
		};
/* End PBXResourcesBuildPhase section */

/* Begin PBXSourcesBuildPhase section */
		FAEB295E240D4A1F0090DAFE /* Sources */ = {
			isa = PBXSourcesBuildPhase;
			buildActionMask = 2147483647;
			files = (
				FAEB2970240D4A1F0090DAFE /* CommitsApp.xcdatamodeld in Sources */,
				FAEB2982240D535B0090DAFE /* Commit+CoreDataClass.swift in Sources */,
				FAEB296A240D4A1F0090DAFE /* ViewController.swift in Sources */,
				FAEB2966240D4A1F0090DAFE /* AppDelegate.swift in Sources */,
				FAEB297F240D4D150090DAFE /* DetailViewController.swift in Sources */,
				FAEB297D240D4A940090DAFE /* SwiftyJSON.swift in Sources */,
				FAEB2983240D535B0090DAFE /* Commit+CoreDataProperties.swift in Sources */,
				FAEB2968240D4A1F0090DAFE /* SceneDelegate.swift in Sources */,
			);
			runOnlyForDeploymentPostprocessing = 0;
		};
/* End PBXSourcesBuildPhase section */

/* Begin PBXVariantGroup section */
		FAEB296B240D4A1F0090DAFE /* Main.storyboard */ = {
			isa = PBXVariantGroup;
			children = (
				FAEB296C240D4A1F0090DAFE /* Base */,
			);
			name = Main.storyboard;
			sourceTree = "<group>";
		};
		FAEB2973240D4A220090DAFE /* LaunchScreen.storyboard */ = {
			isa = PBXVariantGroup;
			children = (
				FAEB2974240D4A220090DAFE /* Base */,
			);
			name = LaunchScreen.storyboard;
			sourceTree = "<group>";
		};
/* End PBXVariantGroup section */

/* Begin XCBuildConfiguration section */
		FAEB2977240D4A220090DAFE /* Debug */ = {
			isa = XCBuildConfiguration;
			buildSettings = {
				ALWAYS_SEARCH_USER_PATHS = NO;
				CLANG_ANALYZER_NONNULL = YES;
				CLANG_ANALYZER_NUMBER_OBJECT_CONVERSION = YES_AGGRESSIVE;
				CLANG_CXX_LANGUAGE_STANDARD = "gnu++14";
				CLANG_CXX_LIBRARY = "libc++";
				CLANG_ENABLE_MODULES = YES;
				CLANG_ENABLE_OBJC_ARC = YES;
				CLANG_ENABLE_OBJC_WEAK = YES;
				CLANG_WARN_BLOCK_CAPTURE_AUTORELEASING = YES;
				CLANG_WARN_BOOL_CONVERSION = YES;
				CLANG_WARN_COMMA = YES;
				CLANG_WARN_CONSTANT_CONVERSION = YES;
				CLANG_WARN_DEPRECATED_OBJC_IMPLEMENTATIONS = YES;
				CLANG_WARN_DIRECT_OBJC_ISA_USAGE = YES_ERROR;
				CLANG_WARN_DOCUMENTATION_COMMENTS = YES;
				CLANG_WARN_EMPTY_BODY = YES;
				CLANG_WARN_ENUM_CONVERSION = YES;
				CLANG_WARN_INFINITE_RECURSION = YES;
				CLANG_WARN_INT_CONVERSION = YES;
				CLANG_WARN_NON_LITERAL_NULL_CONVERSION = YES;
				CLANG_WARN_OBJC_IMPLICIT_RETAIN_SELF = YES;
				CLANG_WARN_OBJC_LITERAL_CONVERSION = YES;
				CLANG_WARN_OBJC_ROOT_CLASS = YES_ERROR;
				CLANG_WARN_RANGE_LOOP_ANALYSIS = YES;
				CLANG_WARN_STRICT_PROTOTYPES = YES;
				CLANG_WARN_SUSPICIOUS_MOVE = YES;
				CLANG_WARN_UNGUARDED_AVAILABILITY = YES_AGGRESSIVE;
				CLANG_WARN_UNREACHABLE_CODE = YES;
				CLANG_WARN__DUPLICATE_METHOD_MATCH = YES;
				COPY_PHASE_STRIP = NO;
				DEBUG_INFORMATION_FORMAT = dwarf;
				ENABLE_STRICT_OBJC_MSGSEND = YES;
				ENABLE_TESTABILITY = YES;
				GCC_C_LANGUAGE_STANDARD = gnu11;
				GCC_DYNAMIC_NO_PIC = NO;
				GCC_NO_COMMON_BLOCKS = YES;
				GCC_OPTIMIZATION_LEVEL = 0;
				GCC_PREPROCESSOR_DEFINITIONS = (
					"DEBUG=1",
					"$(inherited)",
				);
				GCC_WARN_64_TO_32_BIT_CONVERSION = YES;
				GCC_WARN_ABOUT_RETURN_TYPE = YES_ERROR;
				GCC_WARN_UNDECLARED_SELECTOR = YES;
				GCC_WARN_UNINITIALIZED_AUTOS = YES_AGGRESSIVE;
				GCC_WARN_UNUSED_FUNCTION = YES;
				GCC_WARN_UNUSED_VARIABLE = YES;
				IPHONEOS_DEPLOYMENT_TARGET = 13.2;
				MTL_ENABLE_DEBUG_INFO = INCLUDE_SOURCE;
				MTL_FAST_MATH = YES;
				ONLY_ACTIVE_ARCH = YES;
				SDKROOT = iphoneos;
				SWIFT_ACTIVE_COMPILATION_CONDITIONS = DEBUG;
				SWIFT_OPTIMIZATION_LEVEL = "-Onone";
			};
			name = Debug;
		};
		FAEB2978240D4A220090DAFE /* Release */ = {
			isa = XCBuildConfiguration;
			buildSettings = {
				ALWAYS_SEARCH_USER_PATHS = NO;
				CLANG_ANALYZER_NONNULL = YES;
				CLANG_ANALYZER_NUMBER_OBJECT_CONVERSION = YES_AGGRESSIVE;
				CLANG_CXX_LANGUAGE_STANDARD = "gnu++14";
				CLANG_CXX_LIBRARY = "libc++";
				CLANG_ENABLE_MODULES = YES;
				CLANG_ENABLE_OBJC_ARC = YES;
				CLANG_ENABLE_OBJC_WEAK = YES;
				CLANG_WARN_BLOCK_CAPTURE_AUTORELEASING = YES;
				CLANG_WARN_BOOL_CONVERSION = YES;
				CLANG_WARN_COMMA = YES;
				CLANG_WARN_CONSTANT_CONVERSION = YES;
				CLANG_WARN_DEPRECATED_OBJC_IMPLEMENTATIONS = YES;
				CLANG_WARN_DIRECT_OBJC_ISA_USAGE = YES_ERROR;
				CLANG_WARN_DOCUMENTATION_COMMENTS = YES;
				CLANG_WARN_EMPTY_BODY = YES;
				CLANG_WARN_ENUM_CONVERSION = YES;
				CLANG_WARN_INFINITE_RECURSION = YES;
				CLANG_WARN_INT_CONVERSION = YES;
				CLANG_WARN_NON_LITERAL_NULL_CONVERSION = YES;
				CLANG_WARN_OBJC_IMPLICIT_RETAIN_SELF = YES;
				CLANG_WARN_OBJC_LITERAL_CONVERSION = YES;
				CLANG_WARN_OBJC_ROOT_CLASS = YES_ERROR;
				CLANG_WARN_RANGE_LOOP_ANALYSIS = YES;
				CLANG_WARN_STRICT_PROTOTYPES = YES;
				CLANG_WARN_SUSPICIOUS_MOVE = YES;
				CLANG_WARN_UNGUARDED_AVAILABILITY = YES_AGGRESSIVE;
				CLANG_WARN_UNREACHABLE_CODE = YES;
				CLANG_WARN__DUPLICATE_METHOD_MATCH = YES;
				COPY_PHASE_STRIP = NO;
				DEBUG_INFORMATION_FORMAT = "dwarf-with-dsym";
				ENABLE_NS_ASSERTIONS = NO;
				ENABLE_STRICT_OBJC_MSGSEND = YES;
				GCC_C_LANGUAGE_STANDARD = gnu11;
				GCC_NO_COMMON_BLOCKS = YES;
				GCC_WARN_64_TO_32_BIT_CONVERSION = YES;
				GCC_WARN_ABOUT_RETURN_TYPE = YES_ERROR;
				GCC_WARN_UNDECLARED_SELECTOR = YES;
				GCC_WARN_UNINITIALIZED_AUTOS = YES_AGGRESSIVE;
				GCC_WARN_UNUSED_FUNCTION = YES;
				GCC_WARN_UNUSED_VARIABLE = YES;
				IPHONEOS_DEPLOYMENT_TARGET = 13.2;
				MTL_ENABLE_DEBUG_INFO = NO;
				MTL_FAST_MATH = YES;
				SDKROOT = iphoneos;
				SWIFT_COMPILATION_MODE = wholemodule;
				SWIFT_OPTIMIZATION_LEVEL = "-O";
				VALIDATE_PRODUCT = YES;
			};
			name = Release;
		};
		FAEB297A240D4A220090DAFE /* Debug */ = {
			isa = XCBuildConfiguration;
			buildSettings = {
				ASSETCATALOG_COMPILER_APPICON_NAME = AppIcon;
				CODE_SIGN_STYLE = Automatic;
				DEVELOPMENT_TEAM = 77N9M23ZZ4;
				INFOPLIST_FILE = CommitsApp/Info.plist;
				LD_RUNPATH_SEARCH_PATHS = (
					"$(inherited)",
					"@executable_path/Frameworks",
				);
				PRODUCT_BUNDLE_IDENTIFIER = com.KOZHAKIN.CommitsApp;
				PRODUCT_NAME = "$(TARGET_NAME)";
				SWIFT_VERSION = 5.0;
				TARGETED_DEVICE_FAMILY = "1,2";
			};
			name = Debug;
		};
		FAEB297B240D4A220090DAFE /* Release */ = {
			isa = XCBuildConfiguration;
			buildSettings = {
				ASSETCATALOG_COMPILER_APPICON_NAME = AppIcon;
				CODE_SIGN_STYLE = Automatic;
				DEVELOPMENT_TEAM = 77N9M23ZZ4;
				INFOPLIST_FILE = CommitsApp/Info.plist;
				LD_RUNPATH_SEARCH_PATHS = (
					"$(inherited)",
					"@executable_path/Frameworks",
				);
				PRODUCT_BUNDLE_IDENTIFIER = com.KOZHAKIN.CommitsApp;
				PRODUCT_NAME = "$(TARGET_NAME)";
				SWIFT_VERSION = 5.0;
				TARGETED_DEVICE_FAMILY = "1,2";
			};
			name = Release;
		};
/* End XCBuildConfiguration section */

/* Begin XCConfigurationList section */
		FAEB295D240D4A1F0090DAFE /* Build configuration list for PBXProject "CommitsApp" */ = {
			isa = XCConfigurationList;
			buildConfigurations = (
				FAEB2977240D4A220090DAFE /* Debug */,
				FAEB2978240D4A220090DAFE /* Release */,
			);
			defaultConfigurationIsVisible = 0;
			defaultConfigurationName = Release;
		};
		FAEB2979240D4A220090DAFE /* Build configuration list for PBXNativeTarget "CommitsApp" */ = {
			isa = XCConfigurationList;
			buildConfigurations = (
				FAEB297A240D4A220090DAFE /* Debug */,
				FAEB297B240D4A220090DAFE /* Release */,
			);
			defaultConfigurationIsVisible = 0;
			defaultConfigurationName = Release;
		};
/* End XCConfigurationList section */

/* Begin XCVersionGroup section */
		FAEB296E240D4A1F0090DAFE /* CommitsApp.xcdatamodeld */ = {
			isa = XCVersionGroup;
			children = (
				FAEB296F240D4A1F0090DAFE /* CommitsApp.xcdatamodel */,
			);
			currentVersion = FAEB296F240D4A1F0090DAFE /* CommitsApp.xcdatamodel */;
			path = CommitsApp.xcdatamodeld;
			sourceTree = "<group>";
			versionGroupType = wrapper.xcdatamodel;
		};
/* End XCVersionGroup section */
	};
	rootObject = FAEB295A240D4A1F0090DAFE /* Project object */;
}
