
Microsoft Visual Studio Solution File, Format Version 12.00
# Visual Studio 15
VisualStudioVersion = 15.0.26730.16
MinimumVisualStudioVersion = 10.0.40219.1
Project("{FAE04EC0-301F-11D3-BF4B-00C04F79EFBC}") = "Примеры", "Примеры\Примеры.csproj", "{12579F31-BBBF-41BA-B4A8-9BDC7C5084BF}"
EndProject
Project("{FAE04EC0-301F-11D3-BF4B-00C04F79EFBC}") = "Системы линейных уравнений", "Системы линейных уравнений\Системы линейных уравнений.csproj", "{B03E68CE-C927-423D-A281-4074BF7E8B50}"
EndProject
Project("{FAE04EC0-301F-11D3-BF4B-00C04F79EFBC}") = "Булевы функции", "Булевы функции\Булевы функции.csproj", "{DE38DC24-7A1A-4757-B4F4-739C2E78F71F}"
EndProject
Global
	GlobalSection(SolutionConfigurationPlatforms) = preSolution
		Debug|Any CPU = Debug|Any CPU
		Release|Any CPU = Release|Any CPU
	EndGlobalSection
	GlobalSection(ProjectConfigurationPlatforms) = postSolution
		{12579F31-BBBF-41BA-B4A8-9BDC7C5084BF}.Debug|Any CPU.ActiveCfg = Debug|Any CPU
		{12579F31-BBBF-41BA-B4A8-9BDC7C5084BF}.Debug|Any CPU.Build.0 = Debug|Any CPU
		{12579F31-BBBF-41BA-B4A8-9BDC7C5084BF}.Release|Any CPU.ActiveCfg = Release|Any CPU
		{12579F31-BBBF-41BA-B4A8-9BDC7C5084BF}.Release|Any CPU.Build.0 = Release|Any CPU
		{B03E68CE-C927-423D-A281-4074BF7E8B50}.Debug|Any CPU.ActiveCfg = Debug|Any CPU
		{B03E68CE-C927-423D-A281-4074BF7E8B50}.Debug|Any CPU.Build.0 = Debug|Any CPU
		{B03E68CE-C927-423D-A281-4074BF7E8B50}.Release|Any CPU.ActiveCfg = Release|Any CPU
		{B03E68CE-C927-423D-A281-4074BF7E8B50}.Release|Any CPU.Build.0 = Release|Any CPU
		{DE38DC24-7A1A-4757-B4F4-739C2E78F71F}.Debug|Any CPU.ActiveCfg = Debug|Any CPU
		{DE38DC24-7A1A-4757-B4F4-739C2E78F71F}.Debug|Any CPU.Build.0 = Debug|Any CPU
		{DE38DC24-7A1A-4757-B4F4-739C2E78F71F}.Release|Any CPU.ActiveCfg = Release|Any CPU
		{DE38DC24-7A1A-4757-B4F4-739C2E78F71F}.Release|Any CPU.Build.0 = Release|Any CPU
	EndGlobalSection
	GlobalSection(SolutionProperties) = preSolution
		HideSolutionNode = FALSE
	EndGlobalSection
	GlobalSection(ExtensibilityGlobals) = postSolution
		SolutionGuid = {AAC3B4B1-62F2-49B3-951C-8E1B06FF8804}
	EndGlobalSection
EndGlobal
