
Microsoft Visual Studio Solution File, Format Version 12.00
# Visual Studio 15
VisualStudioVersion = 15.0.27130.2010
MinimumVisualStudioVersion = 10.0.40219.1
Project("{FAE04EC0-301F-11D3-BF4B-00C04F79EFBC}") = "Delegates", "Delegates\Delegates.csproj", "{9669E5D3-8C38-4CD6-95DB-12D9A68743ED}"
EndProject
Global
	GlobalSection(SolutionConfigurationPlatforms) = preSolution
		Debug|Any CPU = Debug|Any CPU
		Release|Any CPU = Release|Any CPU
	EndGlobalSection
	GlobalSection(ProjectConfigurationPlatforms) = postSolution
		{9669E5D3-8C38-4CD6-95DB-12D9A68743ED}.Debug|Any CPU.ActiveCfg = Debug|Any CPU
		{9669E5D3-8C38-4CD6-95DB-12D9A68743ED}.Debug|Any CPU.Build.0 = Debug|Any CPU
		{9669E5D3-8C38-4CD6-95DB-12D9A68743ED}.Release|Any CPU.ActiveCfg = Release|Any CPU
		{9669E5D3-8C38-4CD6-95DB-12D9A68743ED}.Release|Any CPU.Build.0 = Release|Any CPU
	EndGlobalSection
	GlobalSection(SolutionProperties) = preSolution
		HideSolutionNode = FALSE
	EndGlobalSection
	GlobalSection(ExtensibilityGlobals) = postSolution
		SolutionGuid = {364E0FA9-CB45-431E-BC06-09869FE50EAB}
	EndGlobalSection
EndGlobal
